<?xml version="1.0" encoding="utf-8"?>
<Project ToolsVersion="18.0" xmlns="http://schemas.microsoft.com/developer/msbuild/2003">
  <ItemGroup>
    <ClCompile Include="C:\Users\agorm\2025_20667765\Worksheet4\Calc\adder.cpp">
      <Filter>Source Files</Filter>
    </ClCompile>
  </ItemGroup>
  <ItemGroup>
    <CustomBuild Include="C:\Users\agorm\2025_20667765\Worksheet4\Calc\CMakeLists.txt" />
  </ItemGroup>
  <ItemGroup>
    <Filter Include="Source Files">
      <UniqueIdentifier>{43B35418-30CC-338C-BA1A-8021667CB25F}</UniqueIdentifier>
    </Filter>
  </ItemGroup>
</Project>
